
Microsoft Visual Studio Solution File, Format Version 12.00
# Visual Studio Version 16
VisualStudioVersion = 16.0.31129.286
MinimumVisualStudioVersion = 10.0.40219.1
Project("{8BC9CEB8-8B4A-11D0-8D11-00A0C91BC942}") = "Pointers", "Pointers\Pointers.vcxproj", "{BB0D9F8F-CCFD-49C9-88D7-DF7C098913B3}"
EndProject
Project("{8BC9CEB8-8B4A-11D0-8D11-00A0C91BC942}") = "Parameters", "Parameters\Parameters.vcxproj", "{7170AB60-49F7-4FE7-9368-935E2FB19574}"
EndProject
Project("{8BC9CEB8-8B4A-11D0-8D11-00A0C91BC942}") = "Reference", "Reference\Reference.vcxproj", "{B6280A41-ADF3-446B-ADF2-A1ECA3F7A999}"
EndProject
Project("{8BC9CEB8-8B4A-11D0-8D11-00A0C91BC942}") = "Dynamic_arrays", "Dynamic_arrays\Dynamic_arrays.vcxproj", "{9338E7C0-B42F-45A4-9944-F1088B3BB4C5}"
EndProject
Global
	GlobalSection(SolutionConfigurationPlatforms) = preSolution
		Debug|x64 = Debug|x64
		Debug|x86 = Debug|x86
		Release|x64 = Release|x64
		Release|x86 = Release|x86
	EndGlobalSection
	GlobalSection(ProjectConfigurationPlatforms) = postSolution
		{BB0D9F8F-CCFD-49C9-88D7-DF7C098913B3}.Debug|x64.ActiveCfg = Debug|x64
		{BB0D9F8F-CCFD-49C9-88D7-DF7C098913B3}.Debug|x64.Build.0 = Debug|x64
		{BB0D9F8F-CCFD-49C9-88D7-DF7C098913B3}.Debug|x86.ActiveCfg = Debug|Win32
		{BB0D9F8F-CCFD-49C9-88D7-DF7C098913B3}.Debug|x86.Build.0 = Debug|Win32
		{BB0D9F8F-CCFD-49C9-88D7-DF7C098913B3}.Release|x64.ActiveCfg = Release|x64
		{BB0D9F8F-CCFD-49C9-88D7-DF7C098913B3}.Release|x64.Build.0 = Release|x64
		{BB0D9F8F-CCFD-49C9-88D7-DF7C098913B3}.Release|x86.ActiveCfg = Release|Win32
		{BB0D9F8F-CCFD-49C9-88D7-DF7C098913B3}.Release|x86.Build.0 = Release|Win32
		{7170AB60-49F7-4FE7-9368-935E2FB19574}.Debug|x64.ActiveCfg = Debug|x64
		{7170AB60-49F7-4FE7-9368-935E2FB19574}.Debug|x64.Build.0 = Debug|x64
		{7170AB60-49F7-4FE7-9368-935E2FB19574}.Debug|x86.ActiveCfg = Debug|Win32
		{7170AB60-49F7-4FE7-9368-935E2FB19574}.Debug|x86.Build.0 = Debug|Win32
		{7170AB60-49F7-4FE7-9368-935E2FB19574}.Release|x64.ActiveCfg = Release|x64
		{7170AB60-49F7-4FE7-9368-935E2FB19574}.Release|x64.Build.0 = Release|x64
		{7170AB60-49F7-4FE7-9368-935E2FB19574}.Release|x86.ActiveCfg = Release|Win32
		{7170AB60-49F7-4FE7-9368-935E2FB19574}.Release|x86.Build.0 = Release|Win32
		{B6280A41-ADF3-446B-ADF2-A1ECA3F7A999}.Debug|x64.ActiveCfg = Debug|x64
		{B6280A41-ADF3-446B-ADF2-A1ECA3F7A999}.Debug|x64.Build.0 = Debug|x64
		{B6280A41-ADF3-446B-ADF2-A1ECA3F7A999}.Debug|x86.ActiveCfg = Debug|Win32
		{B6280A41-ADF3-446B-ADF2-A1ECA3F7A999}.Debug|x86.Build.0 = Debug|Win32
		{B6280A41-ADF3-446B-ADF2-A1ECA3F7A999}.Release|x64.ActiveCfg = Release|x64
		{B6280A41-ADF3-446B-ADF2-A1ECA3F7A999}.Release|x64.Build.0 = Release|x64
		{B6280A41-ADF3-446B-ADF2-A1ECA3F7A999}.Release|x86.ActiveCfg = Release|Win32
		{B6280A41-ADF3-446B-ADF2-A1ECA3F7A999}.Release|x86.Build.0 = Release|Win32
		{9338E7C0-B42F-45A4-9944-F1088B3BB4C5}.Debug|x64.ActiveCfg = Debug|x64
		{9338E7C0-B42F-45A4-9944-F1088B3BB4C5}.Debug|x64.Build.0 = Debug|x64
		{9338E7C0-B42F-45A4-9944-F1088B3BB4C5}.Debug|x86.ActiveCfg = Debug|Win32
		{9338E7C0-B42F-45A4-9944-F1088B3BB4C5}.Debug|x86.Build.0 = Debug|Win32
		{9338E7C0-B42F-45A4-9944-F1088B3BB4C5}.Release|x64.ActiveCfg = Release|x64
		{9338E7C0-B42F-45A4-9944-F1088B3BB4C5}.Release|x64.Build.0 = Release|x64
		{9338E7C0-B42F-45A4-9944-F1088B3BB4C5}.Release|x86.ActiveCfg = Release|Win32
		{9338E7C0-B42F-45A4-9944-F1088B3BB4C5}.Release|x86.Build.0 = Release|Win32
	EndGlobalSection
	GlobalSection(SolutionProperties) = preSolution
		HideSolutionNode = FALSE
	EndGlobalSection
	GlobalSection(ExtensibilityGlobals) = postSolution
		SolutionGuid = {03BD1826-5727-4F5D-80F5-02ACD79CAA66}
	EndGlobalSection
EndGlobal
